
Microsoft Visual Studio Solution File, Format Version 12.00
# Visual Studio 15
VisualStudioVersion = 15.0.28307.1000
MinimumVisualStudioVersion = 10.0.40219.1
Project("{FAE04EC0-301F-11D3-BF4B-00C04F79EFBC}") = "SQAT-demo", "SQAT-demo.csproj", "{91E8C0CF-A9C1-452F-ABE7-C1BE95FBF211}"
EndProject
Global
	GlobalSection(SolutionConfigurationPlatforms) = preSolution
		Debug|Any CPU = Debug|Any CPU
		Release|Any CPU = Release|Any CPU
	EndGlobalSection
	GlobalSection(ProjectConfigurationPlatforms) = postSolution
		{91E8C0CF-A9C1-452F-ABE7-C1BE95FBF211}.Debug|Any CPU.ActiveCfg = Debug|Any CPU
		{91E8C0CF-A9C1-452F-ABE7-C1BE95FBF211}.Debug|Any CPU.Build.0 = Debug|Any CPU
		{91E8C0CF-A9C1-452F-ABE7-C1BE95FBF211}.Release|Any CPU.ActiveCfg = Release|Any CPU
		{91E8C0CF-A9C1-452F-ABE7-C1BE95FBF211}.Release|Any CPU.Build.0 = Release|Any CPU
	EndGlobalSection
	GlobalSection(SolutionProperties) = preSolution
		HideSolutionNode = FALSE
	EndGlobalSection
	GlobalSection(ExtensibilityGlobals) = postSolution
		SolutionGuid = {BA90D5C1-540F-499F-84EF-0072773E06B3}
	EndGlobalSection
EndGlobal
